
Microsoft Visual Studio Solution File, Format Version 12.00
# Visual Studio 15
VisualStudioVersion = 15.0.28307.852
MinimumVisualStudioVersion = 10.0.40219.1
Project("{FAE04EC0-301F-11D3-BF4B-00C04F79EFBC}") = "Bai1.Android", "Bai1\Bai1.Android\Bai1.Android.csproj", "{CDA644C1-4123-46E5-A1B6-86D92B748B69}"
EndProject
Project("{FAE04EC0-301F-11D3-BF4B-00C04F79EFBC}") = "Bai1.iOS", "Bai1\Bai1.iOS\Bai1.iOS.csproj", "{77BD1249-EE27-42B4-982E-2AB71B669C9C}"
EndProject
Project("{FAE04EC0-301F-11D3-BF4B-00C04F79EFBC}") = "Bai1", "Bai1\Bai1\Bai1.csproj", "{05FB4211-0182-4620-85F4-FA7BE1BAA39F}"
EndProject
Global
	GlobalSection(SolutionConfigurationPlatforms) = preSolution
		Ad-Hoc|Any CPU = Ad-Hoc|Any CPU
		Ad-Hoc|iPhone = Ad-Hoc|iPhone
		Ad-Hoc|iPhoneSimulator = Ad-Hoc|iPhoneSimulator
		AppStore|Any CPU = AppStore|Any CPU
		AppStore|iPhone = AppStore|iPhone
		AppStore|iPhoneSimulator = AppStore|iPhoneSimulator
		Debug|Any CPU = Debug|Any CPU
		Debug|iPhone = Debug|iPhone
		Debug|iPhoneSimulator = Debug|iPhoneSimulator
		Release|Any CPU = Release|Any CPU
		Release|iPhone = Release|iPhone
		Release|iPhoneSimulator = Release|iPhoneSimulator
	EndGlobalSection
	GlobalSection(ProjectConfigurationPlatforms) = postSolution
		{CDA644C1-4123-46E5-A1B6-86D92B748B69}.Ad-Hoc|Any CPU.ActiveCfg = Release|Any CPU
		{CDA644C1-4123-46E5-A1B6-86D92B748B69}.Ad-Hoc|Any CPU.Build.0 = Release|Any CPU
		{CDA644C1-4123-46E5-A1B6-86D92B748B69}.Ad-Hoc|Any CPU.Deploy.0 = Release|Any CPU
		{CDA644C1-4123-46E5-A1B6-86D92B748B69}.Ad-Hoc|iPhone.ActiveCfg = Release|Any CPU
		{CDA644C1-4123-46E5-A1B6-86D92B748B69}.Ad-Hoc|iPhone.Build.0 = Release|Any CPU
		{CDA644C1-4123-46E5-A1B6-86D92B748B69}.Ad-Hoc|iPhone.Deploy.0 = Release|Any CPU
		{CDA644C1-4123-46E5-A1B6-86D92B748B69}.Ad-Hoc|iPhoneSimulator.ActiveCfg = Release|Any CPU
		{CDA644C1-4123-46E5-A1B6-86D92B748B69}.Ad-Hoc|iPhoneSimulator.Build.0 = Release|Any CPU
		{CDA644C1-4123-46E5-A1B6-86D92B748B69}.Ad-Hoc|iPhoneSimulator.Deploy.0 = Release|Any CPU
		{CDA644C1-4123-46E5-A1B6-86D92B748B69}.AppStore|Any CPU.ActiveCfg = Release|Any CPU
		{CDA644C1-4123-46E5-A1B6-86D92B748B69}.AppStore|Any CPU.Build.0 = Release|Any CPU
		{CDA644C1-4123-46E5-A1B6-86D92B748B69}.AppStore|Any CPU.Deploy.0 = Release|Any CPU
		{CDA644C1-4123-46E5-A1B6-86D92B748B69}.AppStore|iPhone.ActiveCfg = Release|Any CPU
		{CDA644C1-4123-46E5-A1B6-86D92B748B69}.AppStore|iPhone.Build.0 = Release|Any CPU
		{CDA644C1-4123-46E5-A1B6-86D92B748B69}.AppStore|iPhone.Deploy.0 = Release|Any CPU
		{CDA644C1-4123-46E5-A1B6-86D92B748B69}.AppStore|iPhoneSimulator.ActiveCfg = Release|Any CPU
		{CDA644C1-4123-46E5-A1B6-86D92B748B69}.AppStore|iPhoneSimulator.Build.0 = Release|Any CPU
		{CDA644C1-4123-46E5-A1B6-86D92B748B69}.AppStore|iPhoneSimulator.Deploy.0 = Release|Any CPU
		{CDA644C1-4123-46E5-A1B6-86D92B748B69}.Debug|Any CPU.ActiveCfg = Debug|Any CPU
		{CDA644C1-4123-46E5-A1B6-86D92B748B69}.Debug|Any CPU.Build.0 = Debug|Any CPU
		{CDA644C1-4123-46E5-A1B6-86D92B748B69}.Debug|Any CPU.Deploy.0 = Debug|Any CPU
		{CDA644C1-4123-46E5-A1B6-86D92B748B69}.Debug|iPhone.ActiveCfg = Debug|Any CPU
		{CDA644C1-4123-46E5-A1B6-86D92B748B69}.Debug|iPhone.Build.0 = Debug|Any CPU
		{CDA644C1-4123-46E5-A1B6-86D92B748B69}.Debug|iPhone.Deploy.0 = Debug|Any CPU
		{CDA644C1-4123-46E5-A1B6-86D92B748B69}.Debug|iPhoneSimulator.ActiveCfg = Debug|Any CPU
		{CDA644C1-4123-46E5-A1B6-86D92B748B69}.Debug|iPhoneSimulator.Build.0 = Debug|Any CPU
		{CDA644C1-4123-46E5-A1B6-86D92B748B69}.Debug|iPhoneSimulator.Deploy.0 = Debug|Any CPU
		{CDA644C1-4123-46E5-A1B6-86D92B748B69}.Release|Any CPU.ActiveCfg = Release|Any CPU
		{CDA644C1-4123-46E5-A1B6-86D92B748B69}.Release|Any CPU.Build.0 = Release|Any CPU
		{CDA644C1-4123-46E5-A1B6-86D92B748B69}.Release|Any CPU.Deploy.0 = Release|Any CPU
		{CDA644C1-4123-46E5-A1B6-86D92B748B69}.Release|iPhone.ActiveCfg = Release|Any CPU
		{CDA644C1-4123-46E5-A1B6-86D92B748B69}.Release|iPhone.Build.0 = Release|Any CPU
		{CDA644C1-4123-46E5-A1B6-86D92B748B69}.Release|iPhone.Deploy.0 = Release|Any CPU
		{CDA644C1-4123-46E5-A1B6-86D92B748B69}.Release|iPhoneSimulator.ActiveCfg = Release|Any CPU
		{CDA644C1-4123-46E5-A1B6-86D92B748B69}.Release|iPhoneSimulator.Build.0 = Release|Any CPU
		{CDA644C1-4123-46E5-A1B6-86D92B748B69}.Release|iPhoneSimulator.Deploy.0 = Release|Any CPU
		{77BD1249-EE27-42B4-982E-2AB71B669C9C}.Ad-Hoc|Any CPU.ActiveCfg = Ad-Hoc|iPhone
		{77BD1249-EE27-42B4-982E-2AB71B669C9C}.Ad-Hoc|Any CPU.Build.0 = Ad-Hoc|iPhone
		{77BD1249-EE27-42B4-982E-2AB71B669C9C}.Ad-Hoc|Any CPU.Deploy.0 = Ad-Hoc|iPhone
		{77BD1249-EE27-42B4-982E-2AB71B669C9C}.Ad-Hoc|iPhone.ActiveCfg = Ad-Hoc|iPhone
		{77BD1249-EE27-42B4-982E-2AB71B669C9C}.Ad-Hoc|iPhone.Build.0 = Ad-Hoc|iPhone
		{77BD1249-EE27-42B4-982E-2AB71B669C9C}.Ad-Hoc|iPhone.Deploy.0 = Ad-Hoc|iPhone
		{77BD1249-EE27-42B4-982E-2AB71B669C9C}.Ad-Hoc|iPhoneSimulator.ActiveCfg = Ad-Hoc|iPhoneSimulator
		{77BD1249-EE27-42B4-982E-2AB71B669C9C}.Ad-Hoc|iPhoneSimulator.Build.0 = Ad-Hoc|iPhoneSimulator
		{77BD1249-EE27-42B4-982E-2AB71B669C9C}.Ad-Hoc|iPhoneSimulator.Deploy.0 = Ad-Hoc|iPhoneSimulator
		{77BD1249-EE27-42B4-982E-2AB71B669C9C}.AppStore|Any CPU.ActiveCfg = AppStore|iPhone
		{77BD1249-EE27-42B4-982E-2AB71B669C9C}.AppStore|Any CPU.Build.0 = AppStore|iPhone
		{77BD1249-EE27-42B4-982E-2AB71B669C9C}.AppStore|Any CPU.Deploy.0 = AppStore|iPhone
		{77BD1249-EE27-42B4-982E-2AB71B669C9C}.AppStore|iPhone.ActiveCfg = AppStore|iPhone
		{77BD1249-EE27-42B4-982E-2AB71B669C9C}.AppStore|iPhone.Build.0 = AppStore|iPhone
		{77BD1249-EE27-42B4-982E-2AB71B669C9C}.AppStore|iPhone.Deploy.0 = AppStore|iPhone
		{77BD1249-EE27-42B4-982E-2AB71B669C9C}.AppStore|iPhoneSimulator.ActiveCfg = AppStore|iPhoneSimulator
		{77BD1249-EE27-42B4-982E-2AB71B669C9C}.AppStore|iPhoneSimulator.Build.0 = AppStore|iPhoneSimulator
		{77BD1249-EE27-42B4-982E-2AB71B669C9C}.AppStore|iPhoneSimulator.Deploy.0 = AppStore|iPhoneSimulator
		{77BD1249-EE27-42B4-982E-2AB71B669C9C}.Debug|Any CPU.ActiveCfg = Debug|iPhoneSimulator
		{77BD1249-EE27-42B4-982E-2AB71B669C9C}.Debug|Any CPU.Build.0 = Debug|iPhoneSimulator
		{77BD1249-EE27-42B4-982E-2AB71B669C9C}.Debug|Any CPU.Deploy.0 = Debug|iPhoneSimulator
		{77BD1249-EE27-42B4-982E-2AB71B669C9C}.Debug|iPhone.ActiveCfg = Debug|iPhone
		{77BD1249-EE27-42B4-982E-2AB71B669C9C}.Debug|iPhone.Build.0 = Debug|iPhone
		{77BD1249-EE27-42B4-982E-2AB71B669C9C}.Debug|iPhone.Deploy.0 = Debug|iPhone
		{77BD1249-EE27-42B4-982E-2AB71B669C9C}.Debug|iPhoneSimulator.ActiveCfg = Debug|iPhoneSimulator
		{77BD1249-EE27-42B4-982E-2AB71B669C9C}.Debug|iPhoneSimulator.Build.0 = Debug|iPhoneSimulator
		{77BD1249-EE27-42B4-982E-2AB71B669C9C}.Debug|iPhoneSimulator.Deploy.0 = Debug|iPhoneSimulator
		{77BD1249-EE27-42B4-982E-2AB71B669C9C}.Release|Any CPU.ActiveCfg = Release|iPhone
		{77BD1249-EE27-42B4-982E-2AB71B669C9C}.Release|Any CPU.Build.0 = Release|iPhone
		{77BD1249-EE27-42B4-982E-2AB71B669C9C}.Release|Any CPU.Deploy.0 = Release|iPhone
		{77BD1249-EE27-42B4-982E-2AB71B669C9C}.Release|iPhone.ActiveCfg = Release|iPhone
		{77BD1249-EE27-42B4-982E-2AB71B669C9C}.Release|iPhone.Build.0 = Release|iPhone
		{77BD1249-EE27-42B4-982E-2AB71B669C9C}.Release|iPhone.Deploy.0 = Release|iPhone
		{77BD1249-EE27-42B4-982E-2AB71B669C9C}.Release|iPhoneSimulator.ActiveCfg = Release|iPhoneSimulator
		{77BD1249-EE27-42B4-982E-2AB71B669C9C}.Release|iPhoneSimulator.Build.0 = Release|iPhoneSimulator
		{77BD1249-EE27-42B4-982E-2AB71B669C9C}.Release|iPhoneSimulator.Deploy.0 = Release|iPhoneSimulator
		{05FB4211-0182-4620-85F4-FA7BE1BAA39F}.Ad-Hoc|Any CPU.ActiveCfg = Debug|Any CPU
		{05FB4211-0182-4620-85F4-FA7BE1BAA39F}.Ad-Hoc|Any CPU.Build.0 = Debug|Any CPU
		{05FB4211-0182-4620-85F4-FA7BE1BAA39F}.Ad-Hoc|Any CPU.Deploy.0 = Debug|Any CPU
		{05FB4211-0182-4620-85F4-FA7BE1BAA39F}.Ad-Hoc|iPhone.ActiveCfg = Debug|Any CPU
		{05FB4211-0182-4620-85F4-FA7BE1BAA39F}.Ad-Hoc|iPhone.Build.0 = Debug|Any CPU
		{05FB4211-0182-4620-85F4-FA7BE1BAA39F}.Ad-Hoc|iPhone.Deploy.0 = Debug|Any CPU
		{05FB4211-0182-4620-85F4-FA7BE1BAA39F}.Ad-Hoc|iPhoneSimulator.ActiveCfg = Debug|Any CPU
		{05FB4211-0182-4620-85F4-FA7BE1BAA39F}.Ad-Hoc|iPhoneSimulator.Build.0 = Debug|Any CPU
		{05FB4211-0182-4620-85F4-FA7BE1BAA39F}.Ad-Hoc|iPhoneSimulator.Deploy.0 = Debug|Any CPU
		{05FB4211-0182-4620-85F4-FA7BE1BAA39F}.AppStore|Any CPU.ActiveCfg = Debug|Any CPU
		{05FB4211-0182-4620-85F4-FA7BE1BAA39F}.AppStore|Any CPU.Build.0 = Debug|Any CPU
		{05FB4211-0182-4620-85F4-FA7BE1BAA39F}.AppStore|Any CPU.Deploy.0 = Debug|Any CPU
		{05FB4211-0182-4620-85F4-FA7BE1BAA39F}.AppStore|iPhone.ActiveCfg = Debug|Any CPU
		{05FB4211-0182-4620-85F4-FA7BE1BAA39F}.AppStore|iPhone.Build.0 = Debug|Any CPU
		{05FB4211-0182-4620-85F4-FA7BE1BAA39F}.AppStore|iPhone.Deploy.0 = Debug|Any CPU
		{05FB4211-0182-4620-85F4-FA7BE1BAA39F}.AppStore|iPhoneSimulator.ActiveCfg = Debug|Any CPU
		{05FB4211-0182-4620-85F4-FA7BE1BAA39F}.AppStore|iPhoneSimulator.Build.0 = Debug|Any CPU
		{05FB4211-0182-4620-85F4-FA7BE1BAA39F}.AppStore|iPhoneSimulator.Deploy.0 = Debug|Any CPU
		{05FB4211-0182-4620-85F4-FA7BE1BAA39F}.Debug|Any CPU.ActiveCfg = Debug|Any CPU
		{05FB4211-0182-4620-85F4-FA7BE1BAA39F}.Debug|Any CPU.Build.0 = Debug|Any CPU
		{05FB4211-0182-4620-85F4-FA7BE1BAA39F}.Debug|Any CPU.Deploy.0 = Debug|Any CPU
		{05FB4211-0182-4620-85F4-FA7BE1BAA39F}.Debug|iPhone.ActiveCfg = Debug|Any CPU
		{05FB4211-0182-4620-85F4-FA7BE1BAA39F}.Debug|iPhone.Build.0 = Debug|Any CPU
		{05FB4211-0182-4620-85F4-FA7BE1BAA39F}.Debug|iPhone.Deploy.0 = Debug|Any CPU
		{05FB4211-0182-4620-85F4-FA7BE1BAA39F}.Debug|iPhoneSimulator.ActiveCfg = Debug|Any CPU
		{05FB4211-0182-4620-85F4-FA7BE1BAA39F}.Debug|iPhoneSimulator.Build.0 = Debug|Any CPU
		{05FB4211-0182-4620-85F4-FA7BE1BAA39F}.Debug|iPhoneSimulator.Deploy.0 = Debug|Any CPU
		{05FB4211-0182-4620-85F4-FA7BE1BAA39F}.Release|Any CPU.ActiveCfg = Release|Any CPU
		{05FB4211-0182-4620-85F4-FA7BE1BAA39F}.Release|Any CPU.Build.0 = Release|Any CPU
		{05FB4211-0182-4620-85F4-FA7BE1BAA39F}.Release|Any CPU.Deploy.0 = Release|Any CPU
		{05FB4211-0182-4620-85F4-FA7BE1BAA39F}.Release|iPhone.ActiveCfg = Release|Any CPU
		{05FB4211-0182-4620-85F4-FA7BE1BAA39F}.Release|iPhone.Build.0 = Release|Any CPU
		{05FB4211-0182-4620-85F4-FA7BE1BAA39F}.Release|iPhone.Deploy.0 = Release|Any CPU
		{05FB4211-0182-4620-85F4-FA7BE1BAA39F}.Release|iPhoneSimulator.ActiveCfg = Release|Any CPU
		{05FB4211-0182-4620-85F4-FA7BE1BAA39F}.Release|iPhoneSimulator.Build.0 = Release|Any CPU
		{05FB4211-0182-4620-85F4-FA7BE1BAA39F}.Release|iPhoneSimulator.Deploy.0 = Release|Any CPU
	EndGlobalSection
	GlobalSection(SolutionProperties) = preSolution
		HideSolutionNode = FALSE
	EndGlobalSection
	GlobalSection(ExtensibilityGlobals) = postSolution
		SolutionGuid = {CF2B446C-817F-4AEE-9C83-E72A0DCEFD60}
	EndGlobalSection
EndGlobal
